
Microsoft Visual Studio Solution File, Format Version 12.00
# Visual Studio Version 17
VisualStudioVersion = 17.9.34728.123
MinimumVisualStudioVersion = 10.0.40219.1
Project("{FAE04EC0-301F-11D3-BF4B-00C04F79EFBC}") = "ECTestBE", "ECTestBE\ECTestBE.csproj", "{FCC06465-8900-4ABD-8B85-2DC0A25402F8}"
EndProject
Project("{FAE04EC0-301F-11D3-BF4B-00C04F79EFBC}") = "ECTest.Service", "ECTest.Service\ECTest.Service.csproj", "{8A2A2A5A-A573-4B55-8437-190C484AC0A5}"
EndProject
Project("{FAE04EC0-301F-11D3-BF4B-00C04F79EFBC}") = "ECTestBE.Test", "ECTestBE.Test\ECTestBE.Test.csproj", "{4F4F42F6-2D92-4FE2-B350-F1DD1FB3CC44}"
EndProject
Global
	GlobalSection(SolutionConfigurationPlatforms) = preSolution
		Debug|Any CPU = Debug|Any CPU
		Release|Any CPU = Release|Any CPU
	EndGlobalSection
	GlobalSection(ProjectConfigurationPlatforms) = postSolution
		{FCC06465-8900-4ABD-8B85-2DC0A25402F8}.Debug|Any CPU.ActiveCfg = Debug|Any CPU
		{FCC06465-8900-4ABD-8B85-2DC0A25402F8}.Debug|Any CPU.Build.0 = Debug|Any CPU
		{FCC06465-8900-4ABD-8B85-2DC0A25402F8}.Release|Any CPU.ActiveCfg = Release|Any CPU
		{FCC06465-8900-4ABD-8B85-2DC0A25402F8}.Release|Any CPU.Build.0 = Release|Any CPU
		{8A2A2A5A-A573-4B55-8437-190C484AC0A5}.Debug|Any CPU.ActiveCfg = Debug|Any CPU
		{8A2A2A5A-A573-4B55-8437-190C484AC0A5}.Debug|Any CPU.Build.0 = Debug|Any CPU
		{8A2A2A5A-A573-4B55-8437-190C484AC0A5}.Release|Any CPU.ActiveCfg = Release|Any CPU
		{8A2A2A5A-A573-4B55-8437-190C484AC0A5}.Release|Any CPU.Build.0 = Release|Any CPU
		{4F4F42F6-2D92-4FE2-B350-F1DD1FB3CC44}.Debug|Any CPU.ActiveCfg = Debug|Any CPU
		{4F4F42F6-2D92-4FE2-B350-F1DD1FB3CC44}.Debug|Any CPU.Build.0 = Debug|Any CPU
		{4F4F42F6-2D92-4FE2-B350-F1DD1FB3CC44}.Release|Any CPU.ActiveCfg = Release|Any CPU
		{4F4F42F6-2D92-4FE2-B350-F1DD1FB3CC44}.Release|Any CPU.Build.0 = Release|Any CPU
	EndGlobalSection
	GlobalSection(SolutionProperties) = preSolution
		HideSolutionNode = FALSE
	EndGlobalSection
	GlobalSection(ExtensibilityGlobals) = postSolution
		SolutionGuid = {CDBF2376-878B-4C74-925C-B601DBCF16DF}
	EndGlobalSection
EndGlobal
